
Microsoft Visual Studio Solution File, Format Version 12.00
# Visual Studio Version 17
VisualStudioVersion = 17.8.34408.163
MinimumVisualStudioVersion = 10.0.40219.1
Project("{FAE04EC0-301F-11D3-BF4B-00C04F79EFBC}") = "Final Exam.Android", "Final Exam.Android\Final Exam.Android.csproj", "{8C8E46C0-38DB-4EFB-8E91-C751918D874A}"
EndProject
Project("{FAE04EC0-301F-11D3-BF4B-00C04F79EFBC}") = "Final Exam.iOS", "Final Exam.iOS\Final Exam.iOS.csproj", "{BAE5AF8C-E0AA-4B93-BD66-6594A3647953}"
EndProject
Project("{FAE04EC0-301F-11D3-BF4B-00C04F79EFBC}") = "Final Exam", "Final Exam\Final Exam.csproj", "{7BFB1ABC-2CD2-4CC1-96DA-0A3B3D20D708}"
EndProject
Global
	GlobalSection(SolutionConfigurationPlatforms) = preSolution
		Debug|Any CPU = Debug|Any CPU
		Debug|iPhone = Debug|iPhone
		Debug|iPhoneSimulator = Debug|iPhoneSimulator
		Release|Any CPU = Release|Any CPU
		Release|iPhone = Release|iPhone
		Release|iPhoneSimulator = Release|iPhoneSimulator
	EndGlobalSection
	GlobalSection(ProjectConfigurationPlatforms) = postSolution
		{8C8E46C0-38DB-4EFB-8E91-C751918D874A}.Debug|Any CPU.ActiveCfg = Debug|Any CPU
		{8C8E46C0-38DB-4EFB-8E91-C751918D874A}.Debug|Any CPU.Build.0 = Debug|Any CPU
		{8C8E46C0-38DB-4EFB-8E91-C751918D874A}.Debug|Any CPU.Deploy.0 = Debug|Any CPU
		{8C8E46C0-38DB-4EFB-8E91-C751918D874A}.Debug|iPhone.ActiveCfg = Debug|Any CPU
		{8C8E46C0-38DB-4EFB-8E91-C751918D874A}.Debug|iPhone.Build.0 = Debug|Any CPU
		{8C8E46C0-38DB-4EFB-8E91-C751918D874A}.Debug|iPhone.Deploy.0 = Debug|Any CPU
		{8C8E46C0-38DB-4EFB-8E91-C751918D874A}.Debug|iPhoneSimulator.ActiveCfg = Debug|Any CPU
		{8C8E46C0-38DB-4EFB-8E91-C751918D874A}.Debug|iPhoneSimulator.Build.0 = Debug|Any CPU
		{8C8E46C0-38DB-4EFB-8E91-C751918D874A}.Debug|iPhoneSimulator.Deploy.0 = Debug|Any CPU
		{8C8E46C0-38DB-4EFB-8E91-C751918D874A}.Release|Any CPU.ActiveCfg = Release|Any CPU
		{8C8E46C0-38DB-4EFB-8E91-C751918D874A}.Release|Any CPU.Build.0 = Release|Any CPU
		{8C8E46C0-38DB-4EFB-8E91-C751918D874A}.Release|Any CPU.Deploy.0 = Release|Any CPU
		{8C8E46C0-38DB-4EFB-8E91-C751918D874A}.Release|iPhone.ActiveCfg = Release|Any CPU
		{8C8E46C0-38DB-4EFB-8E91-C751918D874A}.Release|iPhone.Build.0 = Release|Any CPU
		{8C8E46C0-38DB-4EFB-8E91-C751918D874A}.Release|iPhone.Deploy.0 = Release|Any CPU
		{8C8E46C0-38DB-4EFB-8E91-C751918D874A}.Release|iPhoneSimulator.ActiveCfg = Release|Any CPU
		{8C8E46C0-38DB-4EFB-8E91-C751918D874A}.Release|iPhoneSimulator.Build.0 = Release|Any CPU
		{8C8E46C0-38DB-4EFB-8E91-C751918D874A}.Release|iPhoneSimulator.Deploy.0 = Release|Any CPU
		{BAE5AF8C-E0AA-4B93-BD66-6594A3647953}.Debug|Any CPU.ActiveCfg = Debug|iPhone
		{BAE5AF8C-E0AA-4B93-BD66-6594A3647953}.Debug|Any CPU.Build.0 = Debug|iPhone
		{BAE5AF8C-E0AA-4B93-BD66-6594A3647953}.Debug|Any CPU.Deploy.0 = Debug|iPhone
		{BAE5AF8C-E0AA-4B93-BD66-6594A3647953}.Debug|iPhone.ActiveCfg = Debug|iPhone
		{BAE5AF8C-E0AA-4B93-BD66-6594A3647953}.Debug|iPhone.Build.0 = Debug|iPhone
		{BAE5AF8C-E0AA-4B93-BD66-6594A3647953}.Debug|iPhone.Deploy.0 = Debug|iPhone
		{BAE5AF8C-E0AA-4B93-BD66-6594A3647953}.Debug|iPhoneSimulator.ActiveCfg = Debug|iPhoneSimulator
		{BAE5AF8C-E0AA-4B93-BD66-6594A3647953}.Debug|iPhoneSimulator.Build.0 = Debug|iPhoneSimulator
		{BAE5AF8C-E0AA-4B93-BD66-6594A3647953}.Debug|iPhoneSimulator.Deploy.0 = Debug|iPhoneSimulator
		{BAE5AF8C-E0AA-4B93-BD66-6594A3647953}.Release|Any CPU.ActiveCfg = Release|iPhoneSimulator
		{BAE5AF8C-E0AA-4B93-BD66-6594A3647953}.Release|Any CPU.Build.0 = Release|iPhoneSimulator
		{BAE5AF8C-E0AA-4B93-BD66-6594A3647953}.Release|Any CPU.Deploy.0 = Release|iPhoneSimulator
		{BAE5AF8C-E0AA-4B93-BD66-6594A3647953}.Release|iPhone.ActiveCfg = Release|iPhone
		{BAE5AF8C-E0AA-4B93-BD66-6594A3647953}.Release|iPhone.Build.0 = Release|iPhone
		{BAE5AF8C-E0AA-4B93-BD66-6594A3647953}.Release|iPhone.Deploy.0 = Release|iPhone
		{BAE5AF8C-E0AA-4B93-BD66-6594A3647953}.Release|iPhoneSimulator.ActiveCfg = Release|iPhoneSimulator
		{BAE5AF8C-E0AA-4B93-BD66-6594A3647953}.Release|iPhoneSimulator.Build.0 = Release|iPhoneSimulator
		{BAE5AF8C-E0AA-4B93-BD66-6594A3647953}.Release|iPhoneSimulator.Deploy.0 = Release|iPhoneSimulator
		{7BFB1ABC-2CD2-4CC1-96DA-0A3B3D20D708}.Debug|Any CPU.ActiveCfg = Debug|Any CPU
		{7BFB1ABC-2CD2-4CC1-96DA-0A3B3D20D708}.Debug|Any CPU.Build.0 = Debug|Any CPU
		{7BFB1ABC-2CD2-4CC1-96DA-0A3B3D20D708}.Debug|Any CPU.Deploy.0 = Debug|Any CPU
		{7BFB1ABC-2CD2-4CC1-96DA-0A3B3D20D708}.Debug|iPhone.ActiveCfg = Debug|Any CPU
		{7BFB1ABC-2CD2-4CC1-96DA-0A3B3D20D708}.Debug|iPhone.Build.0 = Debug|Any CPU
		{7BFB1ABC-2CD2-4CC1-96DA-0A3B3D20D708}.Debug|iPhone.Deploy.0 = Debug|Any CPU
		{7BFB1ABC-2CD2-4CC1-96DA-0A3B3D20D708}.Debug|iPhoneSimulator.ActiveCfg = Debug|Any CPU
		{7BFB1ABC-2CD2-4CC1-96DA-0A3B3D20D708}.Debug|iPhoneSimulator.Build.0 = Debug|Any CPU
		{7BFB1ABC-2CD2-4CC1-96DA-0A3B3D20D708}.Debug|iPhoneSimulator.Deploy.0 = Debug|Any CPU
		{7BFB1ABC-2CD2-4CC1-96DA-0A3B3D20D708}.Release|Any CPU.ActiveCfg = Release|Any CPU
		{7BFB1ABC-2CD2-4CC1-96DA-0A3B3D20D708}.Release|Any CPU.Build.0 = Release|Any CPU
		{7BFB1ABC-2CD2-4CC1-96DA-0A3B3D20D708}.Release|Any CPU.Deploy.0 = Release|Any CPU
		{7BFB1ABC-2CD2-4CC1-96DA-0A3B3D20D708}.Release|iPhone.ActiveCfg = Release|Any CPU
		{7BFB1ABC-2CD2-4CC1-96DA-0A3B3D20D708}.Release|iPhone.Build.0 = Release|Any CPU
		{7BFB1ABC-2CD2-4CC1-96DA-0A3B3D20D708}.Release|iPhone.Deploy.0 = Release|Any CPU
		{7BFB1ABC-2CD2-4CC1-96DA-0A3B3D20D708}.Release|iPhoneSimulator.ActiveCfg = Release|Any CPU
		{7BFB1ABC-2CD2-4CC1-96DA-0A3B3D20D708}.Release|iPhoneSimulator.Build.0 = Release|Any CPU
		{7BFB1ABC-2CD2-4CC1-96DA-0A3B3D20D708}.Release|iPhoneSimulator.Deploy.0 = Release|Any CPU
	EndGlobalSection
	GlobalSection(SolutionProperties) = preSolution
		HideSolutionNode = FALSE
	EndGlobalSection
	GlobalSection(ExtensibilityGlobals) = postSolution
		SolutionGuid = {6667167C-C9E4-4311-9C69-B27E80BECAA2}
	EndGlobalSection
EndGlobal
